
Microsoft Visual Studio Solution File, Format Version 12.00
# Visual Studio Version 16
VisualStudioVersion = 16.0.31613.86
MinimumVisualStudioVersion = 10.0.40219.1
Project("{FAE04EC0-301F-11D3-BF4B-00C04F79EFBC}") = "Capitulo8", "Capitulo8\Capitulo8.csproj", "{65CD2E3E-9E1C-4BDB-B244-16B365DB7C23}"
EndProject
Global
	GlobalSection(SolutionConfigurationPlatforms) = preSolution
		Debug|Any CPU = Debug|Any CPU
		Release|Any CPU = Release|Any CPU
	EndGlobalSection
	GlobalSection(ProjectConfigurationPlatforms) = postSolution
		{65CD2E3E-9E1C-4BDB-B244-16B365DB7C23}.Debug|Any CPU.ActiveCfg = Debug|Any CPU
		{65CD2E3E-9E1C-4BDB-B244-16B365DB7C23}.Debug|Any CPU.Build.0 = Debug|Any CPU
		{65CD2E3E-9E1C-4BDB-B244-16B365DB7C23}.Release|Any CPU.ActiveCfg = Release|Any CPU
		{65CD2E3E-9E1C-4BDB-B244-16B365DB7C23}.Release|Any CPU.Build.0 = Release|Any CPU
	EndGlobalSection
	GlobalSection(SolutionProperties) = preSolution
		HideSolutionNode = FALSE
	EndGlobalSection
	GlobalSection(ExtensibilityGlobals) = postSolution
		SolutionGuid = {8E9BC37D-65D0-47B7-8D3B-B6DDCD4DCDB8}
	EndGlobalSection
EndGlobal
